// !$*UTF8*$!
{
	archiveVersion = 1;
	classes = {
	};
	objectVersion = 46;
	objects = {

/* Begin PBXAggregateTarget section */
		6851E26D1BF9D3BB00D6E0D5 /* Universal-helper_ios */ = {
			isa = PBXAggregateTarget;
			buildConfigurationList = 6851E26E1BF9D3BB00D6E0D5 /* Build configuration list for PBXAggregateTarget "Universal-helper_ios" */;
			buildPhases = (
				6851E2711BF9D41E00D6E0D5 /* ShellScript */,
			);
			dependencies = (
			);
			name = "Universal-helper_ios";
			productName = "Universal-helper_ios";
		};
/* End PBXAggregateTarget section */

/* Begin PBXBuildFile section */
		6851E20B1BF9A64900D6E0D5 /* ALBatteryView.h in Headers */ = {isa = PBXBuildFile; fileRef = 6851E1FE1BF9A64900D6E0D5 /* ALBatteryView.h */; settings = {ATTRIBUTES = (Public, ); }; };
		6851E20C1BF9A64900D6E0D5 /* ALBatteryView.m in Sources */ = {isa = PBXBuildFile; fileRef = 6851E1FF1BF9A64900D6E0D5 /* ALBatteryView.m */; };
		6851E20D1BF9A64900D6E0D5 /* battery.png in Resources */ = {isa = PBXBuildFile; fileRef = 6851E2011BF9A64900D6E0D5 /* battery.png */; };
		6851E20E1BF9A64900D6E0D5 /* battery@2x.png in Resources */ = {isa = PBXBuildFile; fileRef = 6851E2021BF9A64900D6E0D5 /* battery@2x.png */; };
		6851E20F1BF9A64900D6E0D5 /* UIView+ALQuickFrame.h in Headers */ = {isa = PBXBuildFile; fileRef = 6851E2041BF9A64900D6E0D5 /* UIView+ALQuickFrame.h */; };
		6851E2111BF9A64900D6E0D5 /* ASValuePopUpView.h in Headers */ = {isa = PBXBuildFile; fileRef = 6851E2071BF9A64900D6E0D5 /* ASValuePopUpView.h */; };
		6851E2121BF9A64900D6E0D5 /* ASValuePopUpView.m in Sources */ = {isa = PBXBuildFile; fileRef = 6851E2081BF9A64900D6E0D5 /* ASValuePopUpView.m */; };
		6851E2131BF9A64900D6E0D5 /* ASValueTrackingSlider.h in Headers */ = {isa = PBXBuildFile; fileRef = 6851E2091BF9A64900D6E0D5 /* ASValueTrackingSlider.h */; settings = {ATTRIBUTES = (Public, ); }; };
		6851E2141BF9A64900D6E0D5 /* ASValueTrackingSlider.m in Sources */ = {isa = PBXBuildFile; fileRef = 6851E20A1BF9A64900D6E0D5 /* ASValueTrackingSlider.m */; };
		6851E26B1BF9CCC800D6E0D5 /* TileView.m in Sources */ = {isa = PBXBuildFile; fileRef = 6851E2691BF9CCC800D6E0D5 /* TileView.m */; };
		6851E26C1BF9CCC800D6E0D5 /* TileView.h in Headers */ = {isa = PBXBuildFile; fileRef = 6851E26A1BF9CCC800D6E0D5 /* TileView.h */; settings = {ATTRIBUTES = (Public, ); }; };
		689A354A1BECA6C00018F653 /* helper_ios.h in Headers */ = {isa = PBXBuildFile; fileRef = 689A35491BECA6C00018F653 /* helper_ios.h */; settings = {ATTRIBUTES = (Public, ); }; };
		689A35511BECA6C00018F653 /* helper_ios.framework in Frameworks */ = {isa = PBXBuildFile; fileRef = 689A35461BECA6C00018F653 /* helper_ios.framework */; };
		689A35561BECA6C00018F653 /* helper_iosTests.m in Sources */ = {isa = PBXBuildFile; fileRef = 689A35551BECA6C00018F653 /* helper_iosTests.m */; };
		689A35761BECAAF00018F653 /* CircularProgressBar.m in Sources */ = {isa = PBXBuildFile; fileRef = 689A35601BECAAF00018F653 /* CircularProgressBar.m */; settings = {COMPILER_FLAGS = "-fno-objc-arc"; }; };
		689A35771BECAAF00018F653 /* CircularProgressBar.h in Headers */ = {isa = PBXBuildFile; fileRef = 689A35611BECAAF00018F653 /* CircularProgressBar.h */; settings = {ATTRIBUTES = (Public, ); }; };
		689A35781BECAAF00018F653 /* TimeHelper.h in Headers */ = {isa = PBXBuildFile; fileRef = 689A35621BECAAF00018F653 /* TimeHelper.h */; settings = {ATTRIBUTES = (Public, ); }; };
		689A35791BECAAF00018F653 /* TimeHelper.m in Sources */ = {isa = PBXBuildFile; fileRef = 689A35631BECAAF00018F653 /* TimeHelper.m */; };
		689A357A1BECAAF00018F653 /* DHHorizontalLayoutManager.h in Headers */ = {isa = PBXBuildFile; fileRef = 689A35651BECAAF00018F653 /* DHHorizontalLayoutManager.h */; settings = {ATTRIBUTES = (Public, ); }; };
		689A357B1BECAAF00018F653 /* DHHorizontalLayoutManager.m in Sources */ = {isa = PBXBuildFile; fileRef = 689A35661BECAAF00018F653 /* DHHorizontalLayoutManager.m */; settings = {COMPILER_FLAGS = "-fno-objc-arc"; }; };
		689A357C1BECAAF00018F653 /* DHHorizontalLayoutView.h in Headers */ = {isa = PBXBuildFile; fileRef = 689A35671BECAAF00018F653 /* DHHorizontalLayoutView.h */; settings = {ATTRIBUTES = (Public, ); }; };
		689A357D1BECAAF00018F653 /* DHHorizontalLayoutView.m in Sources */ = {isa = PBXBuildFile; fileRef = 689A35681BECAAF00018F653 /* DHHorizontalLayoutView.m */; settings = {COMPILER_FLAGS = "-fno-objc-arc"; }; };
		689A357E1BECAAF00018F653 /* DHLayout.h in Headers */ = {isa = PBXBuildFile; fileRef = 689A35691BECAAF00018F653 /* DHLayout.h */; settings = {ATTRIBUTES = (Public, ); }; };
		689A357F1BECAAF00018F653 /* DHLayoutManager.h in Headers */ = {isa = PBXBuildFile; fileRef = 689A356A1BECAAF00018F653 /* DHLayoutManager.h */; settings = {ATTRIBUTES = (Public, ); }; };
		689A35801BECAAF00018F653 /* DHLayoutManager.m in Sources */ = {isa = PBXBuildFile; fileRef = 689A356B1BECAAF00018F653 /* DHLayoutManager.m */; settings = {COMPILER_FLAGS = "-fno-objc-arc"; }; };
		689A35811BECAAF00018F653 /* DHLayoutView.h in Headers */ = {isa = PBXBuildFile; fileRef = 689A356C1BECAAF00018F653 /* DHLayoutView.h */; settings = {ATTRIBUTES = (Public, ); }; };
		689A35821BECAAF00018F653 /* DHLayoutView.m in Sources */ = {isa = PBXBuildFile; fileRef = 689A356D1BECAAF00018F653 /* DHLayoutView.m */; settings = {COMPILER_FLAGS = "-fno-objc-arc"; }; };
		689A35831BECAAF00018F653 /* DHVerticalLayoutManager.h in Headers */ = {isa = PBXBuildFile; fileRef = 689A356E1BECAAF00018F653 /* DHVerticalLayoutManager.h */; settings = {ATTRIBUTES = (Public, ); }; };
		689A35841BECAAF00018F653 /* DHVerticalLayoutManager.m in Sources */ = {isa = PBXBuildFile; fileRef = 689A356F1BECAAF00018F653 /* DHVerticalLayoutManager.m */; settings = {COMPILER_FLAGS = "-fno-objc-arc"; }; };
		689A35851BECAAF00018F653 /* DHVerticalLayoutView.h in Headers */ = {isa = PBXBuildFile; fileRef = 689A35701BECAAF00018F653 /* DHVerticalLayoutView.h */; settings = {ATTRIBUTES = (Public, ); }; };
		689A35861BECAAF00018F653 /* DHVerticalLayoutView.m in Sources */ = {isa = PBXBuildFile; fileRef = 689A35711BECAAF00018F653 /* DHVerticalLayoutView.m */; settings = {COMPILER_FLAGS = "-fno-objc-arc"; }; };
		689A35871BECAAF00018F653 /* UIView+Layout.h in Headers */ = {isa = PBXBuildFile; fileRef = 689A35721BECAAF00018F653 /* UIView+Layout.h */; settings = {ATTRIBUTES = (Public, ); }; };
		689A35881BECAAF00018F653 /* UIView+Layout.m in Sources */ = {isa = PBXBuildFile; fileRef = 689A35731BECAAF00018F653 /* UIView+Layout.m */; settings = {COMPILER_FLAGS = "-fno-objc-arc"; }; };
		689A35891BECAAF00018F653 /* UIView+Sizes.h in Headers */ = {isa = PBXBuildFile; fileRef = 689A35741BECAAF00018F653 /* UIView+Sizes.h */; settings = {ATTRIBUTES = (Public, ); }; };
		689A358A1BECAAF00018F653 /* UIView+Sizes.m in Sources */ = {isa = PBXBuildFile; fileRef = 689A35751BECAAF00018F653 /* UIView+Sizes.m */; };
/* End PBXBuildFile section */

/* Begin PBXContainerItemProxy section */
		6851E25A1BF9A83A00D6E0D5 /* PBXContainerItemProxy */ = {
			isa = PBXContainerItemProxy;
			containerPortal = 6851E2541BF9A83900D6E0D5 /* com.test.helper.xcodeproj */;
			proxyType = 2;
			remoteGlobalIDString = 6851E21E1BF9A83900D6E0D5;
			remoteInfo = com.test.helper;
		};
		6851E25C1BF9A83A00D6E0D5 /* PBXContainerItemProxy */ = {
			isa = PBXContainerItemProxy;
			containerPortal = 6851E2541BF9A83900D6E0D5 /* com.test.helper.xcodeproj */;
			proxyType = 2;
			remoteGlobalIDString = 6851E2371BF9A83900D6E0D5;
			remoteInfo = com.test.helperTests;
		};
		6851E25E1BF9A83A00D6E0D5 /* PBXContainerItemProxy */ = {
			isa = PBXContainerItemProxy;
			containerPortal = 6851E2541BF9A83900D6E0D5 /* com.test.helper.xcodeproj */;
			proxyType = 2;
			remoteGlobalIDString = 6851E2421BF9A83900D6E0D5;
			remoteInfo = com.test.helperUITests;
		};
		6851E2DA1BF9DCB000D6E0D5 /* PBXContainerItemProxy */ = {
			isa = PBXContainerItemProxy;
			containerPortal = 6851E2541BF9A83900D6E0D5 /* com.test.helper.xcodeproj */;
			proxyType = 2;
			remoteGlobalIDString = 6851E2881BF9D6D700D6E0D5;
			remoteInfo = test_universal;
		};
		689A35521BECA6C00018F653 /* PBXContainerItemProxy */ = {
			isa = PBXContainerItemProxy;
			containerPortal = 689A353D1BECA6C00018F653 /* Project object */;
			proxyType = 1;
			remoteGlobalIDString = 689A35451BECA6C00018F653;
			remoteInfo = helper_ios;
		};
/* End PBXContainerItemProxy section */

/* Begin PBXFileReference section */
		6851E1FE1BF9A64900D6E0D5 /* ALBatteryView.h */ = {isa = PBXFileReference; fileEncoding = 4; lastKnownFileType = sourcecode.c.h; path = ALBatteryView.h; sourceTree = "<group>"; };
		6851E1FF1BF9A64900D6E0D5 /* ALBatteryView.m */ = {isa = PBXFileReference; fileEncoding = 4; lastKnownFileType = sourcecode.c.objc; path = ALBatteryView.m; sourceTree = "<group>"; };
		6851E2011BF9A64900D6E0D5 /* battery.png */ = {isa = PBXFileReference; lastKnownFileType = image.png; path = battery.png; sourceTree = "<group>"; };
		6851E2021BF9A64900D6E0D5 /* battery@2x.png */ = {isa = PBXFileReference; lastKnownFileType = image.png; path = "battery@2x.png"; sourceTree = "<group>"; };
		6851E2041BF9A64900D6E0D5 /* UIView+ALQuickFrame.h */ = {isa = PBXFileReference; fileEncoding = 4; lastKnownFileType = sourcecode.c.h; path = "UIView+ALQuickFrame.h"; sourceTree = "<group>"; };
		6851E2051BF9A64900D6E0D5 /* UIView+ALQuickFrame.m */ = {isa = PBXFileReference; fileEncoding = 4; lastKnownFileType = sourcecode.c.objc; path = "UIView+ALQuickFrame.m"; sourceTree = "<group>"; };
		6851E2071BF9A64900D6E0D5 /* ASValuePopUpView.h */ = {isa = PBXFileReference; fileEncoding = 4; lastKnownFileType = sourcecode.c.h; path = ASValuePopUpView.h; sourceTree = "<group>"; };
		6851E2081BF9A64900D6E0D5 /* ASValuePopUpView.m */ = {isa = PBXFileReference; fileEncoding = 4; lastKnownFileType = sourcecode.c.objc; path = ASValuePopUpView.m; sourceTree = "<group>"; };
		6851E2091BF9A64900D6E0D5 /* ASValueTrackingSlider.h */ = {isa = PBXFileReference; fileEncoding = 4; lastKnownFileType = sourcecode.c.h; path = ASValueTrackingSlider.h; sourceTree = "<group>"; };
		6851E20A1BF9A64900D6E0D5 /* ASValueTrackingSlider.m */ = {isa = PBXFileReference; fileEncoding = 4; lastKnownFileType = sourcecode.c.objc; path = ASValueTrackingSlider.m; sourceTree = "<group>"; };
		6851E2541BF9A83900D6E0D5 /* com.test.helper.xcodeproj */ = {isa = PBXFileReference; lastKnownFileType = "wrapper.pb-project"; name = com.test.helper.xcodeproj; path = com.test.helper/com.test.helper.xcodeproj; sourceTree = "<group>"; };
		6851E2691BF9CCC800D6E0D5 /* TileView.m */ = {isa = PBXFileReference; fileEncoding = 4; lastKnownFileType = sourcecode.c.objc; path = TileView.m; sourceTree = "<group>"; };
		6851E26A1BF9CCC800D6E0D5 /* TileView.h */ = {isa = PBXFileReference; fileEncoding = 4; lastKnownFileType = sourcecode.c.h; path = TileView.h; sourceTree = "<group>"; };
		689A35461BECA6C00018F653 /* helper_ios.framework */ = {isa = PBXFileReference; explicitFileType = wrapper.framework; includeInIndex = 0; path = helper_ios.framework; sourceTree = BUILT_PRODUCTS_DIR; };
		689A35491BECA6C00018F653 /* helper_ios.h */ = {isa = PBXFileReference; lastKnownFileType = sourcecode.c.h; path = helper_ios.h; sourceTree = "<group>"; };
		689A354B1BECA6C00018F653 /* Info.plist */ = {isa = PBXFileReference; lastKnownFileType = text.plist.xml; path = Info.plist; sourceTree = "<group>"; };
		689A35501BECA6C00018F653 /* helper_iosTests.xctest */ = {isa = PBXFileReference; explicitFileType = wrapper.cfbundle; includeInIndex = 0; path = helper_iosTests.xctest; sourceTree = BUILT_PRODUCTS_DIR; };
		689A35551BECA6C00018F653 /* helper_iosTests.m */ = {isa = PBXFileReference; lastKnownFileType = sourcecode.c.objc; path = helper_iosTests.m; sourceTree = "<group>"; };
		689A35571BECA6C00018F653 /* Info.plist */ = {isa = PBXFileReference; lastKnownFileType = text.plist.xml; path = Info.plist; sourceTree = "<group>"; };
		689A35601BECAAF00018F653 /* CircularProgressBar.m */ = {isa = PBXFileReference; fileEncoding = 4; lastKnownFileType = sourcecode.c.objc; path = CircularProgressBar.m; sourceTree = "<group>"; };
		689A35611BECAAF00018F653 /* CircularProgressBar.h */ = {isa = PBXFileReference; fileEncoding = 4; lastKnownFileType = sourcecode.c.h; path = CircularProgressBar.h; sourceTree = "<group>"; };
		689A35621BECAAF00018F653 /* TimeHelper.h */ = {isa = PBXFileReference; fileEncoding = 4; lastKnownFileType = sourcecode.c.h; path = TimeHelper.h; sourceTree = "<group>"; };
		689A35631BECAAF00018F653 /* TimeHelper.m */ = {isa = PBXFileReference; fileEncoding = 4; lastKnownFileType = sourcecode.c.objc; path = TimeHelper.m; sourceTree = "<group>"; };
		689A35651BECAAF00018F653 /* DHHorizontalLayoutManager.h */ = {isa = PBXFileReference; fileEncoding = 4; lastKnownFileType = sourcecode.c.h; path = DHHorizontalLayoutManager.h; sourceTree = "<group>"; };
		689A35661BECAAF00018F653 /* DHHorizontalLayoutManager.m */ = {isa = PBXFileReference; fileEncoding = 4; lastKnownFileType = sourcecode.c.objc; path = DHHorizontalLayoutManager.m; sourceTree = "<group>"; };
		689A35671BECAAF00018F653 /* DHHorizontalLayoutView.h */ = {isa = PBXFileReference; fileEncoding = 4; lastKnownFileType = sourcecode.c.h; path = DHHorizontalLayoutView.h; sourceTree = "<group>"; };
		689A35681BECAAF00018F653 /* DHHorizontalLayoutView.m */ = {isa = PBXFileReference; fileEncoding = 4; lastKnownFileType = sourcecode.c.objc; path = DHHorizontalLayoutView.m; sourceTree = "<group>"; };
		689A35691BECAAF00018F653 /* DHLayout.h */ = {isa = PBXFileReference; fileEncoding = 4; lastKnownFileType = sourcecode.c.h; path = DHLayout.h; sourceTree = "<group>"; };
		689A356A1BECAAF00018F653 /* DHLayoutManager.h */ = {isa = PBXFileReference; fileEncoding = 4; lastKnownFileType = sourcecode.c.h; path = DHLayoutManager.h; sourceTree = "<group>"; };
		689A356B1BECAAF00018F653 /* DHLayoutManager.m */ = {isa = PBXFileReference; fileEncoding = 4; lastKnownFileType = sourcecode.c.objc; path = DHLayoutManager.m; sourceTree = "<group>"; };
		689A356C1BECAAF00018F653 /* DHLayoutView.h */ = {isa = PBXFileReference; fileEncoding = 4; lastKnownFileType = sourcecode.c.h; path = DHLayoutView.h; sourceTree = "<group>"; };
		689A356D1BECAAF00018F653 /* DHLayoutView.m */ = {isa = PBXFileReference; fileEncoding = 4; lastKnownFileType = sourcecode.c.objc; path = DHLayoutView.m; sourceTree = "<group>"; };
		689A356E1BECAAF00018F653 /* DHVerticalLayoutManager.h */ = {isa = PBXFileReference; fileEncoding = 4; lastKnownFileType = sourcecode.c.h; path = DHVerticalLayoutManager.h; sourceTree = "<group>"; };
		689A356F1BECAAF00018F653 /* DHVerticalLayoutManager.m */ = {isa = PBXFileReference; fileEncoding = 4; lastKnownFileType = sourcecode.c.objc; path = DHVerticalLayoutManager.m; sourceTree = "<group>"; };
		689A35701BECAAF00018F653 /* DHVerticalLayoutView.h */ = {isa = PBXFileReference; fileEncoding = 4; lastKnownFileType = sourcecode.c.h; path = DHVerticalLayoutView.h; sourceTree = "<group>"; };
		689A35711BECAAF00018F653 /* DHVerticalLayoutView.m */ = {isa = PBXFileReference; fileEncoding = 4; lastKnownFileType = sourcecode.c.objc; path = DHVerticalLayoutView.m; sourceTree = "<group>"; };
		689A35721BECAAF00018F653 /* UIView+Layout.h */ = {isa = PBXFileReference; fileEncoding = 4; lastKnownFileType = sourcecode.c.h; path = "UIView+Layout.h"; sourceTree = "<group>"; };
		689A35731BECAAF00018F653 /* UIView+Layout.m */ = {isa = PBXFileReference; fileEncoding = 4; lastKnownFileType = sourcecode.c.objc; path = "UIView+Layout.m"; sourceTree = "<group>"; };
		689A35741BECAAF00018F653 /* UIView+Sizes.h */ = {isa = PBXFileReference; fileEncoding = 4; lastKnownFileType = sourcecode.c.h; path = "UIView+Sizes.h"; sourceTree = "<group>"; };
		689A35751BECAAF00018F653 /* UIView+Sizes.m */ = {isa = PBXFileReference; fileEncoding = 4; lastKnownFileType = sourcecode.c.objc; path = "UIView+Sizes.m"; sourceTree = "<group>"; };
/* End PBXFileReference section */

/* Begin PBXFrameworksBuildPhase section */
		689A35421BECA6C00018F653 /* Frameworks */ = {
			isa = PBXFrameworksBuildPhase;
			buildActionMask = 2147483647;
			files = (
			);
			runOnlyForDeploymentPostprocessing = 0;
		};
		689A354D1BECA6C00018F653 /* Frameworks */ = {
			isa = PBXFrameworksBuildPhase;
			buildActionMask = 2147483647;
			files = (
				689A35511BECA6C00018F653 /* helper_ios.framework in Frameworks */,
			);
			runOnlyForDeploymentPostprocessing = 0;
		};
/* End PBXFrameworksBuildPhase section */

/* Begin PBXGroup section */
		6851E1FD1BF9A64900D6E0D5 /* ALBatteryView */ = {
			isa = PBXGroup;
			children = (
				6851E1FE1BF9A64900D6E0D5 /* ALBatteryView.h */,
				6851E1FF1BF9A64900D6E0D5 /* ALBatteryView.m */,
				6851E2001BF9A64900D6E0D5 /* Resources */,
				6851E2031BF9A64900D6E0D5 /* UIView+ALQuickFrame */,
			);
			path = ALBatteryView;
			sourceTree = "<group>";
		};
		6851E2001BF9A64900D6E0D5 /* Resources */ = {
			isa = PBXGroup;
			children = (
				6851E2011BF9A64900D6E0D5 /* battery.png */,
				6851E2021BF9A64900D6E0D5 /* battery@2x.png */,
			);
			path = Resources;
			sourceTree = "<group>";
		};
		6851E2031BF9A64900D6E0D5 /* UIView+ALQuickFrame */ = {
			isa = PBXGroup;
			children = (
				6851E2041BF9A64900D6E0D5 /* UIView+ALQuickFrame.h */,
				6851E2051BF9A64900D6E0D5 /* UIView+ALQuickFrame.m */,
			);
			path = "UIView+ALQuickFrame";
			sourceTree = "<group>";
		};
		6851E2061BF9A64900D6E0D5 /* ASValueTrackingSlider */ = {
			isa = PBXGroup;
			children = (
				6851E2071BF9A64900D6E0D5 /* ASValuePopUpView.h */,
				6851E2081BF9A64900D6E0D5 /* ASValuePopUpView.m */,
				6851E2091BF9A64900D6E0D5 /* ASValueTrackingSlider.h */,
				6851E20A1BF9A64900D6E0D5 /* ASValueTrackingSlider.m */,
			);
			path = ASValueTrackingSlider;
			sourceTree = "<group>";
		};
		6851E2551BF9A83900D6E0D5 /* Products */ = {
			isa = PBXGroup;
			children = (
				6851E25B1BF9A83A00D6E0D5 /* com.test.helper.app */,
				6851E25D1BF9A83A00D6E0D5 /* com.test.helperTests.xctest */,
				6851E25F1BF9A83A00D6E0D5 /* com.test.helperUITests.xctest */,
				6851E2DB1BF9DCB000D6E0D5 /* test_universal.app */,
			);
			name = Products;
			sourceTree = "<group>";
		};
		689A353C1BECA6C00018F653 = {
			isa = PBXGroup;
			children = (
				6851E2541BF9A83900D6E0D5 /* com.test.helper.xcodeproj */,
				689A35481BECA6C00018F653 /* helper_ios */,
				689A35541BECA6C00018F653 /* helper_iosTests */,
				689A35471BECA6C00018F653 /* Products */,
			);
			sourceTree = "<group>";
		};
		689A35471BECA6C00018F653 /* Products */ = {
			isa = PBXGroup;
			children = (
				689A35461BECA6C00018F653 /* helper_ios.framework */,
				689A35501BECA6C00018F653 /* helper_iosTests.xctest */,
			);
			name = Products;
			sourceTree = "<group>";
		};
		689A35481BECA6C00018F653 /* helper_ios */ = {
			isa = PBXGroup;
			children = (
				6851E2691BF9CCC800D6E0D5 /* TileView.m */,
				6851E26A1BF9CCC800D6E0D5 /* TileView.h */,
				6851E1FD1BF9A64900D6E0D5 /* ALBatteryView */,
				6851E2061BF9A64900D6E0D5 /* ASValueTrackingSlider */,
				689A35601BECAAF00018F653 /* CircularProgressBar.m */,
				689A35611BECAAF00018F653 /* CircularProgressBar.h */,
				689A35621BECAAF00018F653 /* TimeHelper.h */,
				689A35631BECAAF00018F653 /* TimeHelper.m */,
				689A35641BECAAF00018F653 /* DHLayout */,
				689A35491BECA6C00018F653 /* helper_ios.h */,
				689A354B1BECA6C00018F653 /* Info.plist */,
			);
			path = helper_ios;
			sourceTree = "<group>";
		};
		689A35541BECA6C00018F653 /* helper_iosTests */ = {
			isa = PBXGroup;
			children = (
				689A35551BECA6C00018F653 /* helper_iosTests.m */,
				689A35571BECA6C00018F653 /* Info.plist */,
			);
			path = helper_iosTests;
			sourceTree = "<group>";
		};
		689A35641BECAAF00018F653 /* DHLayout */ = {
			isa = PBXGroup;
			children = (
				689A35651BECAAF00018F653 /* DHHorizontalLayoutManager.h */,
				689A35661BECAAF00018F653 /* DHHorizontalLayoutManager.m */,
				689A35671BECAAF00018F653 /* DHHorizontalLayoutView.h */,
				689A35681BECAAF00018F653 /* DHHorizontalLayoutView.m */,
				689A35691BECAAF00018F653 /* DHLayout.h */,
				689A356A1BECAAF00018F653 /* DHLayoutManager.h */,
				689A356B1BECAAF00018F653 /* DHLayoutManager.m */,
				689A356C1BECAAF00018F653 /* DHLayoutView.h */,
				689A356D1BECAAF00018F653 /* DHLayoutView.m */,
				689A356E1BECAAF00018F653 /* DHVerticalLayoutManager.h */,
				689A356F1BECAAF00018F653 /* DHVerticalLayoutManager.m */,
				689A35701BECAAF00018F653 /* DHVerticalLayoutView.h */,
				689A35711BECAAF00018F653 /* DHVerticalLayoutView.m */,
				689A35721BECAAF00018F653 /* UIView+Layout.h */,
				689A35731BECAAF00018F653 /* UIView+Layout.m */,
				689A35741BECAAF00018F653 /* UIView+Sizes.h */,
				689A35751BECAAF00018F653 /* UIView+Sizes.m */,
			);
			path = DHLayout;
			sourceTree = "<group>";
		};
/* End PBXGroup section */

/* Begin PBXHeadersBuildPhase section */
		689A35431BECA6C00018F653 /* Headers */ = {
			isa = PBXHeadersBuildPhase;
			buildActionMask = 2147483647;
			files = (
				6851E2111BF9A64900D6E0D5 /* ASValuePopUpView.h in Headers */,
				689A357E1BECAAF00018F653 /* DHLayout.h in Headers */,
				689A35811BECAAF00018F653 /* DHLayoutView.h in Headers */,
				689A357A1BECAAF00018F653 /* DHHorizontalLayoutManager.h in Headers */,
				689A35851BECAAF00018F653 /* DHVerticalLayoutView.h in Headers */,
				689A35771BECAAF00018F653 /* CircularProgressBar.h in Headers */,
				689A357C1BECAAF00018F653 /* DHHorizontalLayoutView.h in Headers */,
				689A35891BECAAF00018F653 /* UIView+Sizes.h in Headers */,
				689A35781BECAAF00018F653 /* TimeHelper.h in Headers */,
				689A357F1BECAAF00018F653 /* DHLayoutManager.h in Headers */,
				6851E20B1BF9A64900D6E0D5 /* ALBatteryView.h in Headers */,
				6851E2131BF9A64900D6E0D5 /* ASValueTrackingSlider.h in Headers */,
				689A35871BECAAF00018F653 /* UIView+Layout.h in Headers */,
				6851E26C1BF9CCC800D6E0D5 /* TileView.h in Headers */,
				689A354A1BECA6C00018F653 /* helper_ios.h in Headers */,
				6851E20F1BF9A64900D6E0D5 /* UIView+ALQuickFrame.h in Headers */,
				689A35831BECAAF00018F653 /* DHVerticalLayoutManager.h in Headers */,
			);
			runOnlyForDeploymentPostprocessing = 0;
		};
/* End PBXHeadersBuildPhase section */

/* Begin PBXNativeTarget section */
		689A35451BECA6C00018F653 /* helper_ios */ = {
			isa = PBXNativeTarget;
			buildConfigurationList = 689A355A1BECA6C00018F653 /* Build configuration list for PBXNativeTarget "helper_ios" */;
			buildPhases = (
				689A35411BECA6C00018F653 /* Sources */,
				689A35421BECA6C00018F653 /* Frameworks */,
				689A35431BECA6C00018F653 /* Headers */,
				689A35441BECA6C00018F653 /* Resources */,
			);
			buildRules = (
			);
			dependencies = (
			);
			name = helper_ios;
			productName = helper_ios;
			productReference = 689A35461BECA6C00018F653 /* helper_ios.framework */;
			productType = "com.apple.product-type.framework";
		};
		689A354F1BECA6C00018F653 /* helper_iosTests */ = {
			isa = PBXNativeTarget;
			buildConfigurationList = 689A355D1BECA6C00018F653 /* Build configuration list for PBXNativeTarget "helper_iosTests" */;
			buildPhases = (
				689A354C1BECA6C00018F653 /* Sources */,
				689A354D1BECA6C00018F653 /* Frameworks */,
				689A354E1BECA6C00018F653 /* Resources */,
			);
			buildRules = (
			);
			dependencies = (
				689A35531BECA6C00018F653 /* PBXTargetDependency */,
			);
			name = helper_iosTests;
			productName = helper_iosTests;
			productReference = 689A35501BECA6C00018F653 /* helper_iosTests.xctest */;
			productType = "com.apple.product-type.bundle.unit-test";
		};
/* End PBXNativeTarget section */

/* Begin PBXProject section */
		689A353D1BECA6C00018F653 /* Project object */ = {
			isa = PBXProject;
			attributes = {
				LastUpgradeCheck = 0710;
				ORGANIZATIONNAME = billnie;
				TargetAttributes = {
					6851E26D1BF9D3BB00D6E0D5 = {
						CreatedOnToolsVersion = 7.1;
					};
					689A35451BECA6C00018F653 = {
						CreatedOnToolsVersion = 7.1;
					};
					689A354F1BECA6C00018F653 = {
						CreatedOnToolsVersion = 7.1;
					};
				};
			};
			buildConfigurationList = 689A35401BECA6C00018F653 /* Build configuration list for PBXProject "helper_ios" */;
			compatibilityVersion = "Xcode 3.2";
			developmentRegion = English;
			hasScannedForEncodings = 0;
			knownRegions = (
				en,
			);
			mainGroup = 689A353C1BECA6C00018F653;
			productRefGroup = 689A35471BECA6C00018F653 /* Products */;
			projectDirPath = "";
			projectReferences = (
				{
					ProductGroup = 6851E2551BF9A83900D6E0D5 /* Products */;
					ProjectRef = 6851E2541BF9A83900D6E0D5 /* com.test.helper.xcodeproj */;
				},
			);
			projectRoot = "";
			targets = (
				689A35451BECA6C00018F653 /* helper_ios */,
				689A354F1BECA6C00018F653 /* helper_iosTests */,
				6851E26D1BF9D3BB00D6E0D5 /* Universal-helper_ios */,
			);
		};
/* End PBXProject section */

/* Begin PBXReferenceProxy section */
		6851E25B1BF9A83A00D6E0D5 /* com.test.helper.app */ = {
			isa = PBXReferenceProxy;
			fileType = wrapper.application;
			path = com.test.helper.app;
			remoteRef = 6851E25A1BF9A83A00D6E0D5 /* PBXContainerItemProxy */;
			sourceTree = BUILT_PRODUCTS_DIR;
		};
		6851E25D1BF9A83A00D6E0D5 /* com.test.helperTests.xctest */ = {
			isa = PBXReferenceProxy;
			fileType = wrapper.cfbundle;
			path = com.test.helperTests.xctest;
			remoteRef = 6851E25C1BF9A83A00D6E0D5 /* PBXContainerItemProxy */;
			sourceTree = BUILT_PRODUCTS_DIR;
		};
		6851E25F1BF9A83A00D6E0D5 /* com.test.helperUITests.xctest */ = {
			isa = PBXReferenceProxy;
			fileType = wrapper.cfbundle;
			path = com.test.helperUITests.xctest;
			remoteRef = 6851E25E1BF9A83A00D6E0D5 /* PBXContainerItemProxy */;
			sourceTree = BUILT_PRODUCTS_DIR;
		};
		6851E2DB1BF9DCB000D6E0D5 /* test_universal.app */ = {
			isa = PBXReferenceProxy;
			fileType = wrapper.application;
			path = test_universal.app;
			remoteRef = 6851E2DA1BF9DCB000D6E0D5 /* PBXContainerItemProxy */;
			sourceTree = BUILT_PRODUCTS_DIR;
		};
/* End PBXReferenceProxy section */

/* Begin PBXResourcesBuildPhase section */
		689A35441BECA6C00018F653 /* Resources */ = {
			isa = PBXResourcesBuildPhase;
			buildActionMask = 2147483647;
			files = (
				6851E20E1BF9A64900D6E0D5 /* battery@2x.png in Resources */,
				6851E20D1BF9A64900D6E0D5 /* battery.png in Resources */,
			);
			runOnlyForDeploymentPostprocessing = 0;
		};
		689A354E1BECA6C00018F653 /* Resources */ = {
			isa = PBXResourcesBuildPhase;
			buildActionMask = 2147483647;
			files = (
			);
			runOnlyForDeploymentPostprocessing = 0;
		};
/* End PBXResourcesBuildPhase section */

/* Begin PBXShellScriptBuildPhase section */
		6851E2711BF9D41E00D6E0D5 /* ShellScript */ = {
			isa = PBXShellScriptBuildPhase;
			buildActionMask = 2147483647;
			files = (
			);
			inputPaths = (
			);
			outputPaths = (
			);
			runOnlyForDeploymentPostprocessing = 0;
			shellPath = /bin/sh;
			shellScript = "# Sets the target folders and the final framework product.\nFMK_NAME=helper_ios\nFMK_VERSION=A\n\n# Install dir will be the final output to the framework.\n# The following line create it in the root folder of the current project.\nINSTALL_DIR=${SRCROOT}/Products/${FMK_NAME}.framework\n\n# Working dir will be deleted after the framework creation.\nWRK_DIR=build\nDEVICE_DIR=${WRK_DIR}/Release-iphoneos/${FMK_NAME}.framework\nSIMULATOR_DIR=${WRK_DIR}/Release-iphonesimulator/${FMK_NAME}.framework\n\n# Building both architectures.\nxcodebuild -configuration \"Release\" -target \"${FMK_NAME}\" -sdk iphoneos\nxcodebuild -configuration \"Release\" -target \"${FMK_NAME}\" -sdk iphonesimulator\n\n# Cleaning the oldest.\nif [ -d \"${INSTALL_DIR}\" ]\nthen\nrm -rf \"${INSTALL_DIR}\"\nfi\n\nmkdir -p \"${INSTALL_DIR}/Headers\"\n\ncp -R \"${DEVICE_DIR}/Headers/\" \"${INSTALL_DIR}/Headers/\"\ncp -R \"${DEVICE_DIR}/\" \"${INSTALL_DIR}/\"\n# Removes the binary and header from the resources folder.\n\nlipo -create \"${DEVICE_DIR}/${FMK_NAME}\" \"${SIMULATOR_DIR}/${FMK_NAME}\" -output \"${INSTALL_DIR}/${FMK_NAME}\"\nrm -r \"${WRK_DIR}\"";
		};
/* End PBXShellScriptBuildPhase section */

/* Begin PBXSourcesBuildPhase section */
		689A35411BECA6C00018F653 /* Sources */ = {
			isa = PBXSourcesBuildPhase;
			buildActionMask = 2147483647;
			files = (
				6851E26B1BF9CCC800D6E0D5 /* TileView.m in Sources */,
				689A35861BECAAF00018F653 /* DHVerticalLayoutView.m in Sources */,
				689A35821BECAAF00018F653 /* DHLayoutView.m in Sources */,
				689A35791BECAAF00018F653 /* TimeHelper.m in Sources */,
				6851E2141BF9A64900D6E0D5 /* ASValueTrackingSlider.m in Sources */,
				6851E2121BF9A64900D6E0D5 /* ASValuePopUpView.m in Sources */,
				689A358A1BECAAF00018F653 /* UIView+Sizes.m in Sources */,
				689A357B1BECAAF00018F653 /* DHHorizontalLayoutManager.m in Sources */,
				689A357D1BECAAF00018F653 /* DHHorizontalLayoutView.m in Sources */,
				6851E20C1BF9A64900D6E0D5 /* ALBatteryView.m in Sources */,
				689A35881BECAAF00018F653 /* UIView+Layout.m in Sources */,
				689A35801BECAAF00018F653 /* DHLayoutManager.m in Sources */,
				689A35841BECAAF00018F653 /* DHVerticalLayoutManager.m in Sources */,
				689A35761BECAAF00018F653 /* CircularProgressBar.m in Sources */,
			);
			runOnlyForDeploymentPostprocessing = 0;
		};
		689A354C1BECA6C00018F653 /* Sources */ = {
			isa = PBXSourcesBuildPhase;
			buildActionMask = 2147483647;
			files = (
				689A35561BECA6C00018F653 /* helper_iosTests.m in Sources */,
			);
			runOnlyForDeploymentPostprocessing = 0;
		};
/* End PBXSourcesBuildPhase section */

/* Begin PBXTargetDependency section */
		689A35531BECA6C00018F653 /* PBXTargetDependency */ = {
			isa = PBXTargetDependency;
			target = 689A35451BECA6C00018F653 /* helper_ios */;
			targetProxy = 689A35521BECA6C00018F653 /* PBXContainerItemProxy */;
		};
/* End PBXTargetDependency section */

/* Begin XCBuildConfiguration section */
		6851E26F1BF9D3BB00D6E0D5 /* Debug */ = {
			isa = XCBuildConfiguration;
			buildSettings = {
				PRODUCT_NAME = "$(TARGET_NAME)";
			};
			name = Debug;
		};
		6851E2701BF9D3BB00D6E0D5 /* Release */ = {
			isa = XCBuildConfiguration;
			buildSettings = {
				PRODUCT_NAME = "$(TARGET_NAME)";
			};
			name = Release;
		};
		689A35581BECA6C00018F653 /* Debug */ = {
			isa = XCBuildConfiguration;
			buildSettings = {
				ALWAYS_SEARCH_USER_PATHS = NO;
				CLANG_CXX_LANGUAGE_STANDARD = "gnu++0x";
				CLANG_CXX_LIBRARY = "libc++";
				CLANG_ENABLE_MODULES = YES;
				CLANG_ENABLE_OBJC_ARC = YES;
				CLANG_WARN_BOOL_CONVERSION = YES;
				CLANG_WARN_CONSTANT_CONVERSION = YES;
				CLANG_WARN_DIRECT_OBJC_ISA_USAGE = YES_ERROR;
				CLANG_WARN_EMPTY_BODY = YES;
				CLANG_WARN_ENUM_CONVERSION = YES;
				CLANG_WARN_INT_CONVERSION = YES;
				CLANG_WARN_OBJC_ROOT_CLASS = YES_ERROR;
				CLANG_WARN_UNREACHABLE_CODE = YES;
				CLANG_WARN__DUPLICATE_METHOD_MATCH = YES;
				"CODE_SIGN_IDENTITY[sdk=iphoneos*]" = "iPhone Developer";
				COPY_PHASE_STRIP = NO;
				CURRENT_PROJECT_VERSION = 1;
				DEBUG_INFORMATION_FORMAT = dwarf;
				ENABLE_STRICT_OBJC_MSGSEND = YES;
				ENABLE_TESTABILITY = YES;
				GCC_C_LANGUAGE_STANDARD = gnu99;
				GCC_DYNAMIC_NO_PIC = NO;
				GCC_NO_COMMON_BLOCKS = YES;
				GCC_OPTIMIZATION_LEVEL = 0;
				GCC_PREPROCESSOR_DEFINITIONS = (
					"DEBUG=1",
					"$(inherited)",
				);
				GCC_WARN_64_TO_32_BIT_CONVERSION = YES;
				GCC_WARN_ABOUT_RETURN_TYPE = YES_ERROR;
				GCC_WARN_UNDECLARED_SELECTOR = YES;
				GCC_WARN_UNINITIALIZED_AUTOS = YES_AGGRESSIVE;
				GCC_WARN_UNUSED_FUNCTION = YES;
				GCC_WARN_UNUSED_VARIABLE = YES;
				IPHONEOS_DEPLOYMENT_TARGET = 9.1;
				MTL_ENABLE_DEBUG_INFO = YES;
				ONLY_ACTIVE_ARCH = YES;
				SDKROOT = iphoneos;
				TARGETED_DEVICE_FAMILY = "1,2";
				VERSIONING_SYSTEM = "apple-generic";
				VERSION_INFO_PREFIX = "";
			};
			name = Debug;
		};
		689A35591BECA6C00018F653 /* Release */ = {
			isa = XCBuildConfiguration;
			buildSettings = {
				ALWAYS_SEARCH_USER_PATHS = NO;
				CLANG_CXX_LANGUAGE_STANDARD = "gnu++0x";
				CLANG_CXX_LIBRARY = "libc++";
				CLANG_ENABLE_MODULES = YES;
				CLANG_ENABLE_OBJC_ARC = YES;
				CLANG_WARN_BOOL_CONVERSION = YES;
				CLANG_WARN_CONSTANT_CONVERSION = YES;
				CLANG_WARN_DIRECT_OBJC_ISA_USAGE = YES_ERROR;
				CLANG_WARN_EMPTY_BODY = YES;
				CLANG_WARN_ENUM_CONVERSION = YES;
				CLANG_WARN_INT_CONVERSION = YES;
				CLANG_WARN_OBJC_ROOT_CLASS = YES_ERROR;
				CLANG_WARN_UNREACHABLE_CODE = YES;
				CLANG_WARN__DUPLICATE_METHOD_MATCH = YES;
				"CODE_SIGN_IDENTITY[sdk=iphoneos*]" = "iPhone Developer";
				COPY_PHASE_STRIP = NO;
				CURRENT_PROJECT_VERSION = 1;
				DEBUG_INFORMATION_FORMAT = "dwarf-with-dsym";
				ENABLE_NS_ASSERTIONS = NO;
				ENABLE_STRICT_OBJC_MSGSEND = YES;
				GCC_C_LANGUAGE_STANDARD = gnu99;
				GCC_NO_COMMON_BLOCKS = YES;
				GCC_WARN_64_TO_32_BIT_CONVERSION = YES;
				GCC_WARN_ABOUT_RETURN_TYPE = YES_ERROR;
				GCC_WARN_UNDECLARED_SELECTOR = YES;
				GCC_WARN_UNINITIALIZED_AUTOS = YES_AGGRESSIVE;
				GCC_WARN_UNUSED_FUNCTION = YES;
				GCC_WARN_UNUSED_VARIABLE = YES;
				IPHONEOS_DEPLOYMENT_TARGET = 9.1;
				MTL_ENABLE_DEBUG_INFO = NO;
				SDKROOT = iphoneos;
				TARGETED_DEVICE_FAMILY = "1,2";
				VALIDATE_PRODUCT = YES;
				VERSIONING_SYSTEM = "apple-generic";
				VERSION_INFO_PREFIX = "";
			};
			name = Release;
		};
		689A355B1BECA6C00018F653 /* Debug */ = {
			isa = XCBuildConfiguration;
			buildSettings = {
				DEFINES_MODULE = YES;
				DYLIB_COMPATIBILITY_VERSION = 1;
				DYLIB_CURRENT_VERSION = 1;
				DYLIB_INSTALL_NAME_BASE = "@rpath";
				GCC_INCREASE_PRECOMPILED_HEADER_SHARING = YES;
				INFOPLIST_FILE = helper_ios/Info.plist;
				INSTALL_PATH = "$(LOCAL_LIBRARY_DIR)/Frameworks";
				LD_RUNPATH_SEARCH_PATHS = "$(inherited) @executable_path/Frameworks @loader_path/Frameworks";
				PRODUCT_BUNDLE_IDENTIFIER = "com.nxj.helper.helper-ios";
				PRODUCT_NAME = "$(TARGET_NAME)";
				SKIP_INSTALL = YES;
			};
			name = Debug;
		};
		689A355C1BECA6C00018F653 /* Release */ = {
			isa = XCBuildConfiguration;
			buildSettings = {
				DEFINES_MODULE = YES;
				DYLIB_COMPATIBILITY_VERSION = 1;
				DYLIB_CURRENT_VERSION = 1;
				DYLIB_INSTALL_NAME_BASE = "@rpath";
				GCC_INCREASE_PRECOMPILED_HEADER_SHARING = YES;
				INFOPLIST_FILE = helper_ios/Info.plist;
				INSTALL_PATH = "$(LOCAL_LIBRARY_DIR)/Frameworks";
				LD_RUNPATH_SEARCH_PATHS = "$(inherited) @executable_path/Frameworks @loader_path/Frameworks";
				PRODUCT_BUNDLE_IDENTIFIER = "com.nxj.helper.helper-ios";
				PRODUCT_NAME = "$(TARGET_NAME)";
				SKIP_INSTALL = YES;
			};
			name = Release;
		};
		689A355E1BECA6C00018F653 /* Debug */ = {
			isa = XCBuildConfiguration;
			buildSettings = {
				INFOPLIST_FILE = helper_iosTests/Info.plist;
				LD_RUNPATH_SEARCH_PATHS = "$(inherited) @executable_path/Frameworks @loader_path/Frameworks";
				PRODUCT_BUNDLE_IDENTIFIER = "com.nxj.helper.helper-iosTests";
				PRODUCT_NAME = "$(TARGET_NAME)";
			};
			name = Debug;
		};
		689A355F1BECA6C00018F653 /* Release */ = {
			isa = XCBuildConfiguration;
			buildSettings = {
				INFOPLIST_FILE = helper_iosTests/Info.plist;
				LD_RUNPATH_SEARCH_PATHS = "$(inherited) @executable_path/Frameworks @loader_path/Frameworks";
				PRODUCT_BUNDLE_IDENTIFIER = "com.nxj.helper.helper-iosTests";
				PRODUCT_NAME = "$(TARGET_NAME)";
			};
			name = Release;
		};
/* End XCBuildConfiguration section */

/* Begin XCConfigurationList section */
		6851E26E1BF9D3BB00D6E0D5 /* Build configuration list for PBXAggregateTarget "Universal-helper_ios" */ = {
			isa = XCConfigurationList;
			buildConfigurations = (
				6851E26F1BF9D3BB00D6E0D5 /* Debug */,
				6851E2701BF9D3BB00D6E0D5 /* Release */,
			);
			defaultConfigurationIsVisible = 0;
			defaultConfigurationName = Release;
		};
		689A35401BECA6C00018F653 /* Build configuration list for PBXProject "helper_ios" */ = {
			isa = XCConfigurationList;
			buildConfigurations = (
				689A35581BECA6C00018F653 /* Debug */,
				689A35591BECA6C00018F653 /* Release */,
			);
			defaultConfigurationIsVisible = 0;
			defaultConfigurationName = Release;
		};
		689A355A1BECA6C00018F653 /* Build configuration list for PBXNativeTarget "helper_ios" */ = {
			isa = XCConfigurationList;
			buildConfigurations = (
				689A355B1BECA6C00018F653 /* Debug */,
				689A355C1BECA6C00018F653 /* Release */,
			);
			defaultConfigurationIsVisible = 0;
			defaultConfigurationName = Release;
		};
		689A355D1BECA6C00018F653 /* Build configuration list for PBXNativeTarget "helper_iosTests" */ = {
			isa = XCConfigurationList;
			buildConfigurations = (
				689A355E1BECA6C00018F653 /* Debug */,
				689A355F1BECA6C00018F653 /* Release */,
			);
			defaultConfigurationIsVisible = 0;
			defaultConfigurationName = Release;
		};
/* End XCConfigurationList section */
	};
	rootObject = 689A353D1BECA6C00018F653 /* Project object */;
}
